
Microsoft Visual Studio Solution File, Format Version 12.00
# Visual Studio Version 17
VisualStudioVersion = 17.14.37614.0 d17.14
MinimumVisualStudioVersion = 10.0.40219.1
Project("{FAE04EC0-301F-11D3-BF4B-00C04F79EFBC}") = "Reversi", "Reversi\Reversi.csproj", "{6FFC74FF-0338-4AC1-B5CB-C6F794E39BDB}"
EndProject
Global
	GlobalSection(SolutionConfigurationPlatforms) = preSolution
		Debug|Any CPU = Debug|Any CPU
		Release|Any CPU = Release|Any CPU
	EndGlobalSection
	GlobalSection(ProjectConfigurationPlatforms) = postSolution
		{6FFC74FF-0338-4AC1-B5CB-C6F794E39BDB}.Debug|Any CPU.ActiveCfg = Debug|Any CPU
		{6FFC74FF-0338-4AC1-B5CB-C6F794E39BDB}.Debug|Any CPU.Build.0 = Debug|Any CPU
		{6FFC74FF-0338-4AC1-B5CB-C6F794E39BDB}.Release|Any CPU.ActiveCfg = Release|Any CPU
		{6FFC74FF-0338-4AC1-B5CB-C6F794E39BDB}.Release|Any CPU.Build.0 = Release|Any CPU
	EndGlobalSection
	GlobalSection(SolutionProperties) = preSolution
		HideSolutionNode = FALSE
	EndGlobalSection
	GlobalSection(ExtensibilityGlobals) = postSolution
		SolutionGuid = {CBE8CB39-FB3A-44BA-A128-FA962929F789}
	EndGlobalSection
EndGlobal
